{
  "name": "xiaoqian-ncm-bridge",
  "version": "1.0.0",
  "lockfileVersion": 3,
  "requires": true,
  "packages": {
    "": {
      "name": "xiaoqian-ncm-bridge",
      "version": "1.0.0",
      "dependencies": {
        "ncm-listen-together": "github:wuxiandudang-hash/ncm-listen-together"
      }
    },
    "node_modules/ncm-listen-together": {
      "version": "0.1.0",
      "resolved": "git+ssh://git@github.com/wuxiandudang-hash/ncm-listen-together.git#fcfceaa303c5cbae4a9851fa4a72633d375fcdd8",
      "license": "MIT",
      "engines": {
        "node": ">=18"
      },
      "peerDependencies": {
        "NeteaseCloudMusicApi": ">=4.0.0"
      },
      "peerDependenciesMeta": {
        "NeteaseCloudMusicApi": {
          "optional": true
        }
      }
    }
  }
}
